// !$*UTF8*$!
{
	archiveVersion = 1;
	classes = {
	};
	objectVersion = 55;
	objects = {

/* Begin PBXBuildFile section */
		2A66394B8A39BAF887ACD0CB /* Pods_PoqAppTests.framework in Frameworks */ = {isa = PBXBuildFile; fileRef = 7387EE2027667BC3D7020184 /* Pods_PoqAppTests.framework */; };
		A0A81DF25E5BA896BFF1362B /* Pods_PoqApp.framework in Frameworks */ = {isa = PBXBuildFile; fileRef = 98046BB1371317051C3C6080 /* Pods_PoqApp.framework */; };
		B549DB46C034186FBA55EBF4 /* Pods_PoqApp_PoqAppUITests.framework in Frameworks */ = {isa = PBXBuildFile; fileRef = A35AC48009C89444C6A8AD4E /* Pods_PoqApp_PoqAppUITests.framework */; };
		C3E893842792C59D00EC763B /* AppDelegate.swift in Sources */ = {isa = PBXBuildFile; fileRef = C3E893832792C59D00EC763B /* AppDelegate.swift */; };
		C3E893862792C59D00EC763B /* SceneDelegate.swift in Sources */ = {isa = PBXBuildFile; fileRef = C3E893852792C59D00EC763B /* SceneDelegate.swift */; };
		C3E8938B2792C59D00EC763B /* Main.storyboard in Resources */ = {isa = PBXBuildFile; fileRef = C3E893892792C59D00EC763B /* Main.storyboard */; };
		C3E8938D2792C59E00EC763B /* Assets.xcassets in Resources */ = {isa = PBXBuildFile; fileRef = C3E8938C2792C59E00EC763B /* Assets.xcassets */; };
		C3E893902792C59E00EC763B /* LaunchScreen.storyboard in Resources */ = {isa = PBXBuildFile; fileRef = C3E8938E2792C59E00EC763B /* LaunchScreen.storyboard */; };
		C3E8939B2792C59F00EC763B /* PoqAppTests.swift in Sources */ = {isa = PBXBuildFile; fileRef = C3E8939A2792C59F00EC763B /* PoqAppTests.swift */; };
		C3E893A52792C59F00EC763B /* PoqAppUITests.swift in Sources */ = {isa = PBXBuildFile; fileRef = C3E893A42792C59F00EC763B /* PoqAppUITests.swift */; };
		C3E893A72792C59F00EC763B /* PoqAppUITestsLaunchTests.swift in Sources */ = {isa = PBXBuildFile; fileRef = C3E893A62792C59F00EC763B /* PoqAppUITestsLaunchTests.swift */; };
		C3E893BF2792C76B00EC763B /* Constants.swift in Sources */ = {isa = PBXBuildFile; fileRef = C3E893BE2792C76B00EC763B /* Constants.swift */; };
		C3E893C12792C7F900EC763B /* Alert.swift in Sources */ = {isa = PBXBuildFile; fileRef = C3E893C02792C7F900EC763B /* Alert.swift */; };
		C3E893C32792C80A00EC763B /* NetworkError.swift in Sources */ = {isa = PBXBuildFile; fileRef = C3E893C22792C80A00EC763B /* NetworkError.swift */; };
		C3E893C52792C81A00EC763B /* BaseViewController.swift in Sources */ = {isa = PBXBuildFile; fileRef = C3E893C42792C81A00EC763B /* BaseViewController.swift */; };
		C3E893C72792C82A00EC763B /* MainViewController.swift in Sources */ = {isa = PBXBuildFile; fileRef = C3E893C62792C82A00EC763B /* MainViewController.swift */; };
/* End PBXBuildFile section */

/* Begin PBXContainerItemProxy section */
		C3E893972792C59F00EC763B /* PBXContainerItemProxy */ = {
			isa = PBXContainerItemProxy;
			containerPortal = C3E893782792C59D00EC763B /* Project object */;
			proxyType = 1;
			remoteGlobalIDString = C3E8937F2792C59D00EC763B;
			remoteInfo = PoqApp;
		};
		C3E893A12792C59F00EC763B /* PBXContainerItemProxy */ = {
			isa = PBXContainerItemProxy;
			containerPortal = C3E893782792C59D00EC763B /* Project object */;
			proxyType = 1;
			remoteGlobalIDString = C3E8937F2792C59D00EC763B;
			remoteInfo = PoqApp;
		};
/* End PBXContainerItemProxy section */

/* Begin PBXFileReference section */
		233C3BD7899E343877DD06C7 /* Pods-PoqAppTests.debug.xcconfig */ = {isa = PBXFileReference; includeInIndex = 1; lastKnownFileType = text.xcconfig; name = "Pods-PoqAppTests.debug.xcconfig"; path = "Target Support Files/Pods-PoqAppTests/Pods-PoqAppTests.debug.xcconfig"; sourceTree = "<group>"; };
		7387EE2027667BC3D7020184 /* Pods_PoqAppTests.framework */ = {isa = PBXFileReference; explicitFileType = wrapper.framework; includeInIndex = 0; path = Pods_PoqAppTests.framework; sourceTree = BUILT_PRODUCTS_DIR; };
		98046BB1371317051C3C6080 /* Pods_PoqApp.framework */ = {isa = PBXFileReference; explicitFileType = wrapper.framework; includeInIndex = 0; path = Pods_PoqApp.framework; sourceTree = BUILT_PRODUCTS_DIR; };
		A35AC48009C89444C6A8AD4E /* Pods_PoqApp_PoqAppUITests.framework */ = {isa = PBXFileReference; explicitFileType = wrapper.framework; includeInIndex = 0; path = Pods_PoqApp_PoqAppUITests.framework; sourceTree = BUILT_PRODUCTS_DIR; };
		A746E005E7C4F1F6EDEA4754 /* Pods-PoqApp.debug.xcconfig */ = {isa = PBXFileReference; includeInIndex = 1; lastKnownFileType = text.xcconfig; name = "Pods-PoqApp.debug.xcconfig"; path = "Target Support Files/Pods-PoqApp/Pods-PoqApp.debug.xcconfig"; sourceTree = "<group>"; };
		C3E893802792C59D00EC763B /* PoqApp.app */ = {isa = PBXFileReference; explicitFileType = wrapper.application; includeInIndex = 0; path = PoqApp.app; sourceTree = BUILT_PRODUCTS_DIR; };
		C3E893832792C59D00EC763B /* AppDelegate.swift */ = {isa = PBXFileReference; lastKnownFileType = sourcecode.swift; path = AppDelegate.swift; sourceTree = "<group>"; };
		C3E893852792C59D00EC763B /* SceneDelegate.swift */ = {isa = PBXFileReference; lastKnownFileType = sourcecode.swift; path = SceneDelegate.swift; sourceTree = "<group>"; };
		C3E8938A2792C59D00EC763B /* Base */ = {isa = PBXFileReference; lastKnownFileType = file.storyboard; name = Base; path = Base.lproj/Main.storyboard; sourceTree = "<group>"; };
		C3E8938C2792C59E00EC763B /* Assets.xcassets */ = {isa = PBXFileReference; lastKnownFileType = folder.assetcatalog; path = Assets.xcassets; sourceTree = "<group>"; };
		C3E8938F2792C59E00EC763B /* Base */ = {isa = PBXFileReference; lastKnownFileType = file.storyboard; name = Base; path = Base.lproj/LaunchScreen.storyboard; sourceTree = "<group>"; };
		C3E893912792C59E00EC763B /* Info.plist */ = {isa = PBXFileReference; lastKnownFileType = text.plist.xml; path = Info.plist; sourceTree = "<group>"; };
		C3E893962792C59F00EC763B /* PoqAppTests.xctest */ = {isa = PBXFileReference; explicitFileType = wrapper.cfbundle; includeInIndex = 0; path = PoqAppTests.xctest; sourceTree = BUILT_PRODUCTS_DIR; };
		C3E8939A2792C59F00EC763B /* PoqAppTests.swift */ = {isa = PBXFileReference; lastKnownFileType = sourcecode.swift; path = PoqAppTests.swift; sourceTree = "<group>"; };
		C3E893A02792C59F00EC763B /* PoqAppUITests.xctest */ = {isa = PBXFileReference; explicitFileType = wrapper.cfbundle; includeInIndex = 0; path = PoqAppUITests.xctest; sourceTree = BUILT_PRODUCTS_DIR; };
		C3E893A42792C59F00EC763B /* PoqAppUITests.swift */ = {isa = PBXFileReference; lastKnownFileType = sourcecode.swift; path = PoqAppUITests.swift; sourceTree = "<group>"; };
		C3E893A62792C59F00EC763B /* PoqAppUITestsLaunchTests.swift */ = {isa = PBXFileReference; lastKnownFileType = sourcecode.swift; path = PoqAppUITestsLaunchTests.swift; sourceTree = "<group>"; };
		C3E893BE2792C76B00EC763B /* Constants.swift */ = {isa = PBXFileReference; lastKnownFileType = sourcecode.swift; path = Constants.swift; sourceTree = "<group>"; };
		C3E893C02792C7F900EC763B /* Alert.swift */ = {isa = PBXFileReference; lastKnownFileType = sourcecode.swift; path = Alert.swift; sourceTree = "<group>"; };
		C3E893C22792C80A00EC763B /* NetworkError.swift */ = {isa = PBXFileReference; lastKnownFileType = sourcecode.swift; path = NetworkError.swift; sourceTree = "<group>"; };
		C3E893C42792C81A00EC763B /* BaseViewController.swift */ = {isa = PBXFileReference; lastKnownFileType = sourcecode.swift; path = BaseViewController.swift; sourceTree = "<group>"; };
		C3E893C62792C82A00EC763B /* MainViewController.swift */ = {isa = PBXFileReference; lastKnownFileType = sourcecode.swift; path = MainViewController.swift; sourceTree = "<group>"; };
		C5CF6BBD85AC9C5A4623F755 /* Pods-PoqAppTests.release.xcconfig */ = {isa = PBXFileReference; includeInIndex = 1; lastKnownFileType = text.xcconfig; name = "Pods-PoqAppTests.release.xcconfig"; path = "Target Support Files/Pods-PoqAppTests/Pods-PoqAppTests.release.xcconfig"; sourceTree = "<group>"; };
		CC20549F2E0119881774A834 /* Pods-PoqApp-PoqAppUITests.debug.xcconfig */ = {isa = PBXFileReference; includeInIndex = 1; lastKnownFileType = text.xcconfig; name = "Pods-PoqApp-PoqAppUITests.debug.xcconfig"; path = "Target Support Files/Pods-PoqApp-PoqAppUITests/Pods-PoqApp-PoqAppUITests.debug.xcconfig"; sourceTree = "<group>"; };
		D4A75BA56D20050EE86A58DF /* Pods-PoqApp-PoqAppUITests.release.xcconfig */ = {isa = PBXFileReference; includeInIndex = 1; lastKnownFileType = text.xcconfig; name = "Pods-PoqApp-PoqAppUITests.release.xcconfig"; path = "Target Support Files/Pods-PoqApp-PoqAppUITests/Pods-PoqApp-PoqAppUITests.release.xcconfig"; sourceTree = "<group>"; };
		EE2103B7E8A39A9E8F1F7C80 /* Pods-PoqApp.release.xcconfig */ = {isa = PBXFileReference; includeInIndex = 1; lastKnownFileType = text.xcconfig; name = "Pods-PoqApp.release.xcconfig"; path = "Target Support Files/Pods-PoqApp/Pods-PoqApp.release.xcconfig"; sourceTree = "<group>"; };
/* End PBXFileReference section */

/* Begin PBXFrameworksBuildPhase section */
		C3E8937D2792C59D00EC763B /* Frameworks */ = {
			isa = PBXFrameworksBuildPhase;
			buildActionMask = 2147483647;
			files = (
				A0A81DF25E5BA896BFF1362B /* Pods_PoqApp.framework in Frameworks */,
			);
			runOnlyForDeploymentPostprocessing = 0;
		};
		C3E893932792C59F00EC763B /* Frameworks */ = {
			isa = PBXFrameworksBuildPhase;
			buildActionMask = 2147483647;
			files = (
				2A66394B8A39BAF887ACD0CB /* Pods_PoqAppTests.framework in Frameworks */,
			);
			runOnlyForDeploymentPostprocessing = 0;
		};
		C3E8939D2792C59F00EC763B /* Frameworks */ = {
			isa = PBXFrameworksBuildPhase;
			buildActionMask = 2147483647;
			files = (
				B549DB46C034186FBA55EBF4 /* Pods_PoqApp_PoqAppUITests.framework in Frameworks */,
			);
			runOnlyForDeploymentPostprocessing = 0;
		};
/* End PBXFrameworksBuildPhase section */

/* Begin PBXGroup section */
		A27C009D873924623174FEA9 /* Frameworks */ = {
			isa = PBXGroup;
			children = (
				98046BB1371317051C3C6080 /* Pods_PoqApp.framework */,
				A35AC48009C89444C6A8AD4E /* Pods_PoqApp_PoqAppUITests.framework */,
				7387EE2027667BC3D7020184 /* Pods_PoqAppTests.framework */,
			);
			name = Frameworks;
			sourceTree = "<group>";
		};
		B031035C213993803A042C6A /* Pods */ = {
			isa = PBXGroup;
			children = (
				A746E005E7C4F1F6EDEA4754 /* Pods-PoqApp.debug.xcconfig */,
				EE2103B7E8A39A9E8F1F7C80 /* Pods-PoqApp.release.xcconfig */,
				CC20549F2E0119881774A834 /* Pods-PoqApp-PoqAppUITests.debug.xcconfig */,
				D4A75BA56D20050EE86A58DF /* Pods-PoqApp-PoqAppUITests.release.xcconfig */,
				233C3BD7899E343877DD06C7 /* Pods-PoqAppTests.debug.xcconfig */,
				C5CF6BBD85AC9C5A4623F755 /* Pods-PoqAppTests.release.xcconfig */,
			);
			path = Pods;
			sourceTree = "<group>";
		};
		C3E893772792C59D00EC763B = {
			isa = PBXGroup;
			children = (
				C3E893822792C59D00EC763B /* PoqApp */,
				C3E893992792C59F00EC763B /* PoqAppTests */,
				C3E893A32792C59F00EC763B /* PoqAppUITests */,
				C3E893812792C59D00EC763B /* Products */,
				B031035C213993803A042C6A /* Pods */,
				A27C009D873924623174FEA9 /* Frameworks */,
			);
			sourceTree = "<group>";
		};
		C3E893812792C59D00EC763B /* Products */ = {
			isa = PBXGroup;
			children = (
				C3E893802792C59D00EC763B /* PoqApp.app */,
				C3E893962792C59F00EC763B /* PoqAppTests.xctest */,
				C3E893A02792C59F00EC763B /* PoqAppUITests.xctest */,
			);
			name = Products;
			sourceTree = "<group>";
		};
		C3E893822792C59D00EC763B /* PoqApp */ = {
			isa = PBXGroup;
			children = (
				C3E893BD2792C75000EC763B /* Extensions */,
				C3E893BC2792C74800EC763B /* Managers */,
				C3E893BB2792C74000EC763B /* Models */,
				C3E893B92792C73100EC763B /* Helper */,
				C3E893B82792C72B00EC763B /* ViewControllers */,
				C3E893B72792C72500EC763B /* Views */,
				C3E893B62792C71F00EC763B /* ViewModels */,
				C3E893B52792C71800EC763B /* Storyboards */,
				C3E893B42792C70C00EC763B /* Resources */,
				C3E893912792C59E00EC763B /* Info.plist */,
			);
			path = PoqApp;
			sourceTree = "<group>";
		};
		C3E893992792C59F00EC763B /* PoqAppTests */ = {
			isa = PBXGroup;
			children = (
				C3E8939A2792C59F00EC763B /* PoqAppTests.swift */,
			);
			path = PoqAppTests;
			sourceTree = "<group>";
		};
		C3E893A32792C59F00EC763B /* PoqAppUITests */ = {
			isa = PBXGroup;
			children = (
				C3E893A42792C59F00EC763B /* PoqAppUITests.swift */,
				C3E893A62792C59F00EC763B /* PoqAppUITestsLaunchTests.swift */,
			);
			path = PoqAppUITests;
			sourceTree = "<group>";
		};
		C3E893B42792C70C00EC763B /* Resources */ = {
			isa = PBXGroup;
			children = (
				C3E893832792C59D00EC763B /* AppDelegate.swift */,
				C3E893852792C59D00EC763B /* SceneDelegate.swift */,
				C3E893BE2792C76B00EC763B /* Constants.swift */,
				C3E8938C2792C59E00EC763B /* Assets.xcassets */,
			);
			path = Resources;
			sourceTree = "<group>";
		};
		C3E893B52792C71800EC763B /* Storyboards */ = {
			isa = PBXGroup;
			children = (
				C3E893892792C59D00EC763B /* Main.storyboard */,
				C3E8938E2792C59E00EC763B /* LaunchScreen.storyboard */,
			);
			path = Storyboards;
			sourceTree = "<group>";
		};
		C3E893B62792C71F00EC763B /* ViewModels */ = {
			isa = PBXGroup;
			children = (
			);
			path = ViewModels;
			sourceTree = "<group>";
		};
		C3E893B72792C72500EC763B /* Views */ = {
			isa = PBXGroup;
			children = (
			);
			path = Views;
			sourceTree = "<group>";
		};
		C3E893B82792C72B00EC763B /* ViewControllers */ = {
			isa = PBXGroup;
			children = (
				C3E893C42792C81A00EC763B /* BaseViewController.swift */,
				C3E893C62792C82A00EC763B /* MainViewController.swift */,
			);
			path = ViewControllers;
			sourceTree = "<group>";
		};
		C3E893B92792C73100EC763B /* Helper */ = {
			isa = PBXGroup;
			children = (
				C3E893C02792C7F900EC763B /* Alert.swift */,
				C3E893C22792C80A00EC763B /* NetworkError.swift */,
			);
			path = Helper;
			sourceTree = "<group>";
		};
		C3E893BB2792C74000EC763B /* Models */ = {
			isa = PBXGroup;
			children = (
			);
			path = Models;
			sourceTree = "<group>";
		};
		C3E893BC2792C74800EC763B /* Managers */ = {
			isa = PBXGroup;
			children = (
			);
			path = Managers;
			sourceTree = "<group>";
		};
		C3E893BD2792C75000EC763B /* Extensions */ = {
			isa = PBXGroup;
			children = (
			);
			path = Extensions;
			sourceTree = "<group>";
		};
/* End PBXGroup section */

/* Begin PBXNativeTarget section */
		C3E8937F2792C59D00EC763B /* PoqApp */ = {
			isa = PBXNativeTarget;
			buildConfigurationList = C3E893AA2792C59F00EC763B /* Build configuration list for PBXNativeTarget "PoqApp" */;
			buildPhases = (
				E581ED03CF6E24476712845A /* [CP] Check Pods Manifest.lock */,
				C3E8937C2792C59D00EC763B /* Sources */,
				C3E8937D2792C59D00EC763B /* Frameworks */,
				C3E8937E2792C59D00EC763B /* Resources */,
				E1E2A1286A61B605DBA1E6A6 /* [CP] Embed Pods Frameworks */,
				C3E893B32792C6E000EC763B /* SwiftLint */,
			);
			buildRules = (
			);
			dependencies = (
			);
			name = PoqApp;
			productName = PoqApp;
			productReference = C3E893802792C59D00EC763B /* PoqApp.app */;
			productType = "com.apple.product-type.application";
		};
		C3E893952792C59F00EC763B /* PoqAppTests */ = {
			isa = PBXNativeTarget;
			buildConfigurationList = C3E893AD2792C59F00EC763B /* Build configuration list for PBXNativeTarget "PoqAppTests" */;
			buildPhases = (
				702A4BFB350667D227405C54 /* [CP] Check Pods Manifest.lock */,
				C3E893922792C59F00EC763B /* Sources */,
				C3E893932792C59F00EC763B /* Frameworks */,
				C3E893942792C59F00EC763B /* Resources */,
			);
			buildRules = (
			);
			dependencies = (
				C3E893982792C59F00EC763B /* PBXTargetDependency */,
			);
			name = PoqAppTests;
			productName = PoqAppTests;
			productReference = C3E893962792C59F00EC763B /* PoqAppTests.xctest */;
			productType = "com.apple.product-type.bundle.unit-test";
		};
		C3E8939F2792C59F00EC763B /* PoqAppUITests */ = {
			isa = PBXNativeTarget;
			buildConfigurationList = C3E893B02792C59F00EC763B /* Build configuration list for PBXNativeTarget "PoqAppUITests" */;
			buildPhases = (
				D6E2F7403A09696F36025BCC /* [CP] Check Pods Manifest.lock */,
				C3E8939C2792C59F00EC763B /* Sources */,
				C3E8939D2792C59F00EC763B /* Frameworks */,
				C3E8939E2792C59F00EC763B /* Resources */,
				DCB1494885A8FC5B9A9395AD /* [CP] Embed Pods Frameworks */,
			);
			buildRules = (
			);
			dependencies = (
				C3E893A22792C59F00EC763B /* PBXTargetDependency */,
			);
			name = PoqAppUITests;
			productName = PoqAppUITests;
			productReference = C3E893A02792C59F00EC763B /* PoqAppUITests.xctest */;
			productType = "com.apple.product-type.bundle.ui-testing";
		};
/* End PBXNativeTarget section */

/* Begin PBXProject section */
		C3E893782792C59D00EC763B /* Project object */ = {
			isa = PBXProject;
			attributes = {
				BuildIndependentTargetsInParallel = 1;
				LastSwiftUpdateCheck = 1320;
				LastUpgradeCheck = 1320;
				TargetAttributes = {
					C3E8937F2792C59D00EC763B = {
						CreatedOnToolsVersion = 13.2.1;
					};
					C3E893952792C59F00EC763B = {
						CreatedOnToolsVersion = 13.2.1;
						TestTargetID = C3E8937F2792C59D00EC763B;
					};
					C3E8939F2792C59F00EC763B = {
						CreatedOnToolsVersion = 13.2.1;
						TestTargetID = C3E8937F2792C59D00EC763B;
					};
				};
			};
			buildConfigurationList = C3E8937B2792C59D00EC763B /* Build configuration list for PBXProject "PoqApp" */;
			compatibilityVersion = "Xcode 13.0";
			developmentRegion = en;
			hasScannedForEncodings = 0;
			knownRegions = (
				en,
				Base,
			);
			mainGroup = C3E893772792C59D00EC763B;
			productRefGroup = C3E893812792C59D00EC763B /* Products */;
			projectDirPath = "";
			projectRoot = "";
			targets = (
				C3E8937F2792C59D00EC763B /* PoqApp */,
				C3E893952792C59F00EC763B /* PoqAppTests */,
				C3E8939F2792C59F00EC763B /* PoqAppUITests */,
			);
		};
/* End PBXProject section */

/* Begin PBXResourcesBuildPhase section */
		C3E8937E2792C59D00EC763B /* Resources */ = {
			isa = PBXResourcesBuildPhase;
			buildActionMask = 2147483647;
			files = (
				C3E893902792C59E00EC763B /* LaunchScreen.storyboard in Resources */,
				C3E8938D2792C59E00EC763B /* Assets.xcassets in Resources */,
				C3E8938B2792C59D00EC763B /* Main.storyboard in Resources */,
			);
			runOnlyForDeploymentPostprocessing = 0;
		};
		C3E893942792C59F00EC763B /* Resources */ = {
			isa = PBXResourcesBuildPhase;
			buildActionMask = 2147483647;
			files = (
			);
			runOnlyForDeploymentPostprocessing = 0;
		};
		C3E8939E2792C59F00EC763B /* Resources */ = {
			isa = PBXResourcesBuildPhase;
			buildActionMask = 2147483647;
			files = (
			);
			runOnlyForDeploymentPostprocessing = 0;
		};
/* End PBXResourcesBuildPhase section */

/* Begin PBXShellScriptBuildPhase section */
		702A4BFB350667D227405C54 /* [CP] Check Pods Manifest.lock */ = {
			isa = PBXShellScriptBuildPhase;
			buildActionMask = 2147483647;
			files = (
			);
			inputFileListPaths = (
			);
			inputPaths = (
				"${PODS_PODFILE_DIR_PATH}/Podfile.lock",
				"${PODS_ROOT}/Manifest.lock",
			);
			name = "[CP] Check Pods Manifest.lock";
			outputFileListPaths = (
			);
			outputPaths = (
				"$(DERIVED_FILE_DIR)/Pods-PoqAppTests-checkManifestLockResult.txt",
			);
			runOnlyForDeploymentPostprocessing = 0;
			shellPath = /bin/sh;
			shellScript = "diff \"${PODS_PODFILE_DIR_PATH}/Podfile.lock\" \"${PODS_ROOT}/Manifest.lock\" > /dev/null\nif [ $? != 0 ] ; then\n    # print error to STDERR\n    echo \"error: The sandbox is not in sync with the Podfile.lock. Run 'pod install' or update your CocoaPods installation.\" >&2\n    exit 1\nfi\n# This output is used by Xcode 'outputs' to avoid re-running this script phase.\necho \"SUCCESS\" > \"${SCRIPT_OUTPUT_FILE_0}\"\n";
			showEnvVarsInLog = 0;
		};
		C3E893B32792C6E000EC763B /* SwiftLint */ = {
			isa = PBXShellScriptBuildPhase;
			buildActionMask = 2147483647;
			files = (
			);
			inputFileListPaths = (
			);
			inputPaths = (
			);
			name = SwiftLint;
			outputFileListPaths = (
			);
			outputPaths = (
			);
			runOnlyForDeploymentPostprocessing = 0;
			shellPath = /bin/sh;
			shellScript = "# Type a script or drag a script file from your workspace to insert its path.\nif which swiftlint >/dev/null; then\n  swiftlint\nelse\n  echo \"warning: SwiftLint not installed, download from https://github.com/realm/SwiftLint\"\nfi\n";
		};
		D6E2F7403A09696F36025BCC /* [CP] Check Pods Manifest.lock */ = {
			isa = PBXShellScriptBuildPhase;
			buildActionMask = 2147483647;
			files = (
			);
			inputFileListPaths = (
			);
			inputPaths = (
				"${PODS_PODFILE_DIR_PATH}/Podfile.lock",
				"${PODS_ROOT}/Manifest.lock",
			);
			name = "[CP] Check Pods Manifest.lock";
			outputFileListPaths = (
			);
			outputPaths = (
				"$(DERIVED_FILE_DIR)/Pods-PoqApp-PoqAppUITests-checkManifestLockResult.txt",
			);
			runOnlyForDeploymentPostprocessing = 0;
			shellPath = /bin/sh;
			shellScript = "diff \"${PODS_PODFILE_DIR_PATH}/Podfile.lock\" \"${PODS_ROOT}/Manifest.lock\" > /dev/null\nif [ $? != 0 ] ; then\n    # print error to STDERR\n    echo \"error: The sandbox is not in sync with the Podfile.lock. Run 'pod install' or update your CocoaPods installation.\" >&2\n    exit 1\nfi\n# This output is used by Xcode 'outputs' to avoid re-running this script phase.\necho \"SUCCESS\" > \"${SCRIPT_OUTPUT_FILE_0}\"\n";
			showEnvVarsInLog = 0;
		};
		DCB1494885A8FC5B9A9395AD /* [CP] Embed Pods Frameworks */ = {
			isa = PBXShellScriptBuildPhase;
			buildActionMask = 2147483647;
			files = (
			);
			inputFileListPaths = (
				"${PODS_ROOT}/Target Support Files/Pods-PoqApp-PoqAppUITests/Pods-PoqApp-PoqAppUITests-frameworks-${CONFIGURATION}-input-files.xcfilelist",
			);
			name = "[CP] Embed Pods Frameworks";
			outputFileListPaths = (
				"${PODS_ROOT}/Target Support Files/Pods-PoqApp-PoqAppUITests/Pods-PoqApp-PoqAppUITests-frameworks-${CONFIGURATION}-output-files.xcfilelist",
			);
			runOnlyForDeploymentPostprocessing = 0;
			shellPath = /bin/sh;
			shellScript = "\"${PODS_ROOT}/Target Support Files/Pods-PoqApp-PoqAppUITests/Pods-PoqApp-PoqAppUITests-frameworks.sh\"\n";
			showEnvVarsInLog = 0;
		};
		E1E2A1286A61B605DBA1E6A6 /* [CP] Embed Pods Frameworks */ = {
			isa = PBXShellScriptBuildPhase;
			buildActionMask = 2147483647;
			files = (
			);
			inputFileListPaths = (
				"${PODS_ROOT}/Target Support Files/Pods-PoqApp/Pods-PoqApp-frameworks-${CONFIGURATION}-input-files.xcfilelist",
			);
			name = "[CP] Embed Pods Frameworks";
			outputFileListPaths = (
				"${PODS_ROOT}/Target Support Files/Pods-PoqApp/Pods-PoqApp-frameworks-${CONFIGURATION}-output-files.xcfilelist",
			);
			runOnlyForDeploymentPostprocessing = 0;
			shellPath = /bin/sh;
			shellScript = "\"${PODS_ROOT}/Target Support Files/Pods-PoqApp/Pods-PoqApp-frameworks.sh\"\n";
			showEnvVarsInLog = 0;
		};
		E581ED03CF6E24476712845A /* [CP] Check Pods Manifest.lock */ = {
			isa = PBXShellScriptBuildPhase;
			buildActionMask = 2147483647;
			files = (
			);
			inputFileListPaths = (
			);
			inputPaths = (
				"${PODS_PODFILE_DIR_PATH}/Podfile.lock",
				"${PODS_ROOT}/Manifest.lock",
			);
			name = "[CP] Check Pods Manifest.lock";
			outputFileListPaths = (
			);
			outputPaths = (
				"$(DERIVED_FILE_DIR)/Pods-PoqApp-checkManifestLockResult.txt",
			);
			runOnlyForDeploymentPostprocessing = 0;
			shellPath = /bin/sh;
			shellScript = "diff \"${PODS_PODFILE_DIR_PATH}/Podfile.lock\" \"${PODS_ROOT}/Manifest.lock\" > /dev/null\nif [ $? != 0 ] ; then\n    # print error to STDERR\n    echo \"error: The sandbox is not in sync with the Podfile.lock. Run 'pod install' or update your CocoaPods installation.\" >&2\n    exit 1\nfi\n# This output is used by Xcode 'outputs' to avoid re-running this script phase.\necho \"SUCCESS\" > \"${SCRIPT_OUTPUT_FILE_0}\"\n";
			showEnvVarsInLog = 0;
		};
/* End PBXShellScriptBuildPhase section */

/* Begin PBXSourcesBuildPhase section */
		C3E8937C2792C59D00EC763B /* Sources */ = {
			isa = PBXSourcesBuildPhase;
			buildActionMask = 2147483647;
			files = (
				C3E893842792C59D00EC763B /* AppDelegate.swift in Sources */,
				C3E893862792C59D00EC763B /* SceneDelegate.swift in Sources */,
				C3E893C32792C80A00EC763B /* NetworkError.swift in Sources */,
				C3E893C12792C7F900EC763B /* Alert.swift in Sources */,
				C3E893C52792C81A00EC763B /* BaseViewController.swift in Sources */,
				C3E893BF2792C76B00EC763B /* Constants.swift in Sources */,
				C3E893C72792C82A00EC763B /* MainViewController.swift in Sources */,
			);
			runOnlyForDeploymentPostprocessing = 0;
		};
		C3E893922792C59F00EC763B /* Sources */ = {
			isa = PBXSourcesBuildPhase;
			buildActionMask = 2147483647;
			files = (
				C3E8939B2792C59F00EC763B /* PoqAppTests.swift in Sources */,
			);
			runOnlyForDeploymentPostprocessing = 0;
		};
		C3E8939C2792C59F00EC763B /* Sources */ = {
			isa = PBXSourcesBuildPhase;
			buildActionMask = 2147483647;
			files = (
				C3E893A52792C59F00EC763B /* PoqAppUITests.swift in Sources */,
				C3E893A72792C59F00EC763B /* PoqAppUITestsLaunchTests.swift in Sources */,
			);
			runOnlyForDeploymentPostprocessing = 0;
		};
/* End PBXSourcesBuildPhase section */

/* Begin PBXTargetDependency section */
		C3E893982792C59F00EC763B /* PBXTargetDependency */ = {
			isa = PBXTargetDependency;
			target = C3E8937F2792C59D00EC763B /* PoqApp */;
			targetProxy = C3E893972792C59F00EC763B /* PBXContainerItemProxy */;
		};
		C3E893A22792C59F00EC763B /* PBXTargetDependency */ = {
			isa = PBXTargetDependency;
			target = C3E8937F2792C59D00EC763B /* PoqApp */;
			targetProxy = C3E893A12792C59F00EC763B /* PBXContainerItemProxy */;
		};
/* End PBXTargetDependency section */

/* Begin PBXVariantGroup section */
		C3E893892792C59D00EC763B /* Main.storyboard */ = {
			isa = PBXVariantGroup;
			children = (
				C3E8938A2792C59D00EC763B /* Base */,
			);
			name = Main.storyboard;
			sourceTree = "<group>";
		};
		C3E8938E2792C59E00EC763B /* LaunchScreen.storyboard */ = {
			isa = PBXVariantGroup;
			children = (
				C3E8938F2792C59E00EC763B /* Base */,
			);
			name = LaunchScreen.storyboard;
			sourceTree = "<group>";
		};
/* End PBXVariantGroup section */

/* Begin XCBuildConfiguration section */
		C3E893A82792C59F00EC763B /* Debug */ = {
			isa = XCBuildConfiguration;
			buildSettings = {
				ALWAYS_SEARCH_USER_PATHS = NO;
				CLANG_ANALYZER_NONNULL = YES;
				CLANG_ANALYZER_NUMBER_OBJECT_CONVERSION = YES_AGGRESSIVE;
				CLANG_CXX_LANGUAGE_STANDARD = "gnu++17";
				CLANG_CXX_LIBRARY = "libc++";
				CLANG_ENABLE_MODULES = YES;
				CLANG_ENABLE_OBJC_ARC = YES;
				CLANG_ENABLE_OBJC_WEAK = YES;
				CLANG_WARN_BLOCK_CAPTURE_AUTORELEASING = YES;
				CLANG_WARN_BOOL_CONVERSION = YES;
				CLANG_WARN_COMMA = YES;
				CLANG_WARN_CONSTANT_CONVERSION = YES;
				CLANG_WARN_DEPRECATED_OBJC_IMPLEMENTATIONS = YES;
				CLANG_WARN_DIRECT_OBJC_ISA_USAGE = YES_ERROR;
				CLANG_WARN_DOCUMENTATION_COMMENTS = YES;
				CLANG_WARN_EMPTY_BODY = YES;
				CLANG_WARN_ENUM_CONVERSION = YES;
				CLANG_WARN_INFINITE_RECURSION = YES;
				CLANG_WARN_INT_CONVERSION = YES;
				CLANG_WARN_NON_LITERAL_NULL_CONVERSION = YES;
				CLANG_WARN_OBJC_IMPLICIT_RETAIN_SELF = YES;
				CLANG_WARN_OBJC_LITERAL_CONVERSION = YES;
				CLANG_WARN_OBJC_ROOT_CLASS = YES_ERROR;
				CLANG_WARN_QUOTED_INCLUDE_IN_FRAMEWORK_HEADER = YES;
				CLANG_WARN_RANGE_LOOP_ANALYSIS = YES;
				CLANG_WARN_STRICT_PROTOTYPES = YES;
				CLANG_WARN_SUSPICIOUS_MOVE = YES;
				CLANG_WARN_UNGUARDED_AVAILABILITY = YES_AGGRESSIVE;
				CLANG_WARN_UNREACHABLE_CODE = YES;
				CLANG_WARN__DUPLICATE_METHOD_MATCH = YES;
				COPY_PHASE_STRIP = NO;
				DEBUG_INFORMATION_FORMAT = dwarf;
				ENABLE_STRICT_OBJC_MSGSEND = YES;
				ENABLE_TESTABILITY = YES;
				GCC_C_LANGUAGE_STANDARD = gnu11;
				GCC_DYNAMIC_NO_PIC = NO;
				GCC_NO_COMMON_BLOCKS = YES;
				GCC_OPTIMIZATION_LEVEL = 0;
				GCC_PREPROCESSOR_DEFINITIONS = (
					"DEBUG=1",
					"$(inherited)",
				);
				GCC_WARN_64_TO_32_BIT_CONVERSION = YES;
				GCC_WARN_ABOUT_RETURN_TYPE = YES_ERROR;
				GCC_WARN_UNDECLARED_SELECTOR = YES;
				GCC_WARN_UNINITIALIZED_AUTOS = YES_AGGRESSIVE;
				GCC_WARN_UNUSED_FUNCTION = YES;
				GCC_WARN_UNUSED_VARIABLE = YES;
				IPHONEOS_DEPLOYMENT_TARGET = 15.2;
				MTL_ENABLE_DEBUG_INFO = INCLUDE_SOURCE;
				MTL_FAST_MATH = YES;
				ONLY_ACTIVE_ARCH = YES;
				SDKROOT = iphoneos;
				SWIFT_ACTIVE_COMPILATION_CONDITIONS = DEBUG;
				SWIFT_OPTIMIZATION_LEVEL = "-Onone";
			};
			name = Debug;
		};
		C3E893A92792C59F00EC763B /* Release */ = {
			isa = XCBuildConfiguration;
			buildSettings = {
				ALWAYS_SEARCH_USER_PATHS = NO;
				CLANG_ANALYZER_NONNULL = YES;
				CLANG_ANALYZER_NUMBER_OBJECT_CONVERSION = YES_AGGRESSIVE;
				CLANG_CXX_LANGUAGE_STANDARD = "gnu++17";
				CLANG_CXX_LIBRARY = "libc++";
				CLANG_ENABLE_MODULES = YES;
				CLANG_ENABLE_OBJC_ARC = YES;
				CLANG_ENABLE_OBJC_WEAK = YES;
				CLANG_WARN_BLOCK_CAPTURE_AUTORELEASING = YES;
				CLANG_WARN_BOOL_CONVERSION = YES;
				CLANG_WARN_COMMA = YES;
				CLANG_WARN_CONSTANT_CONVERSION = YES;
				CLANG_WARN_DEPRECATED_OBJC_IMPLEMENTATIONS = YES;
				CLANG_WARN_DIRECT_OBJC_ISA_USAGE = YES_ERROR;
				CLANG_WARN_DOCUMENTATION_COMMENTS = YES;
				CLANG_WARN_EMPTY_BODY = YES;
				CLANG_WARN_ENUM_CONVERSION = YES;
				CLANG_WARN_INFINITE_RECURSION = YES;
				CLANG_WARN_INT_CONVERSION = YES;
				CLANG_WARN_NON_LITERAL_NULL_CONVERSION = YES;
				CLANG_WARN_OBJC_IMPLICIT_RETAIN_SELF = YES;
				CLANG_WARN_OBJC_LITERAL_CONVERSION = YES;
				CLANG_WARN_OBJC_ROOT_CLASS = YES_ERROR;
				CLANG_WARN_QUOTED_INCLUDE_IN_FRAMEWORK_HEADER = YES;
				CLANG_WARN_RANGE_LOOP_ANALYSIS = YES;
				CLANG_WARN_STRICT_PROTOTYPES = YES;
				CLANG_WARN_SUSPICIOUS_MOVE = YES;
				CLANG_WARN_UNGUARDED_AVAILABILITY = YES_AGGRESSIVE;
				CLANG_WARN_UNREACHABLE_CODE = YES;
				CLANG_WARN__DUPLICATE_METHOD_MATCH = YES;
				COPY_PHASE_STRIP = NO;
				DEBUG_INFORMATION_FORMAT = "dwarf-with-dsym";
				ENABLE_NS_ASSERTIONS = NO;
				ENABLE_STRICT_OBJC_MSGSEND = YES;
				GCC_C_LANGUAGE_STANDARD = gnu11;
				GCC_NO_COMMON_BLOCKS = YES;
				GCC_WARN_64_TO_32_BIT_CONVERSION = YES;
				GCC_WARN_ABOUT_RETURN_TYPE = YES_ERROR;
				GCC_WARN_UNDECLARED_SELECTOR = YES;
				GCC_WARN_UNINITIALIZED_AUTOS = YES_AGGRESSIVE;
				GCC_WARN_UNUSED_FUNCTION = YES;
				GCC_WARN_UNUSED_VARIABLE = YES;
				IPHONEOS_DEPLOYMENT_TARGET = 15.2;
				MTL_ENABLE_DEBUG_INFO = NO;
				MTL_FAST_MATH = YES;
				SDKROOT = iphoneos;
				SWIFT_COMPILATION_MODE = wholemodule;
				SWIFT_OPTIMIZATION_LEVEL = "-O";
				VALIDATE_PRODUCT = YES;
			};
			name = Release;
		};
		C3E893AB2792C59F00EC763B /* Debug */ = {
			isa = XCBuildConfiguration;
			baseConfigurationReference = A746E005E7C4F1F6EDEA4754 /* Pods-PoqApp.debug.xcconfig */;
			buildSettings = {
				ASSETCATALOG_COMPILER_APPICON_NAME = AppIcon;
				ASSETCATALOG_COMPILER_GLOBAL_ACCENT_COLOR_NAME = AccentColor;
				CODE_SIGN_STYLE = Automatic;
				CURRENT_PROJECT_VERSION = 1;
				DEVELOPMENT_TEAM = 5D4JY3DVDT;
				GENERATE_INFOPLIST_FILE = YES;
				INFOPLIST_FILE = PoqApp/Info.plist;
				INFOPLIST_KEY_UIApplicationSupportsIndirectInputEvents = YES;
				INFOPLIST_KEY_UILaunchStoryboardName = LaunchScreen;
				INFOPLIST_KEY_UIMainStoryboardFile = Main;
				INFOPLIST_KEY_UISupportedInterfaceOrientations = UIInterfaceOrientationPortrait;
				INFOPLIST_KEY_UISupportedInterfaceOrientations_iPad = "UIInterfaceOrientationPortrait UIInterfaceOrientationPortraitUpsideDown UIInterfaceOrientationLandscapeLeft UIInterfaceOrientationLandscapeRight";
				INFOPLIST_KEY_UISupportedInterfaceOrientations_iPhone = "UIInterfaceOrientationPortrait UIInterfaceOrientationLandscapeLeft UIInterfaceOrientationLandscapeRight";
				IPHONEOS_DEPLOYMENT_TARGET = 13.0;
				LD_RUNPATH_SEARCH_PATHS = (
					"$(inherited)",
					"@executable_path/Frameworks",
				);
				MARKETING_VERSION = 1.0;
				PRODUCT_BUNDLE_IDENTIFIER = com.ea.PoqApp;
				PRODUCT_NAME = "$(TARGET_NAME)";
				SWIFT_EMIT_LOC_STRINGS = YES;
				SWIFT_VERSION = 5.0;
				TARGETED_DEVICE_FAMILY = "1,2";
			};
			name = Debug;
		};
		C3E893AC2792C59F00EC763B /* Release */ = {
			isa = XCBuildConfiguration;
			baseConfigurationReference = EE2103B7E8A39A9E8F1F7C80 /* Pods-PoqApp.release.xcconfig */;
			buildSettings = {
				ASSETCATALOG_COMPILER_APPICON_NAME = AppIcon;
				ASSETCATALOG_COMPILER_GLOBAL_ACCENT_COLOR_NAME = AccentColor;
				CODE_SIGN_STYLE = Automatic;
				CURRENT_PROJECT_VERSION = 1;
				DEVELOPMENT_TEAM = 5D4JY3DVDT;
				GENERATE_INFOPLIST_FILE = YES;
				INFOPLIST_FILE = PoqApp/Info.plist;
				INFOPLIST_KEY_UIApplicationSupportsIndirectInputEvents = YES;
				INFOPLIST_KEY_UILaunchStoryboardName = LaunchScreen;
				INFOPLIST_KEY_UIMainStoryboardFile = Main;
				INFOPLIST_KEY_UISupportedInterfaceOrientations = UIInterfaceOrientationPortrait;
				INFOPLIST_KEY_UISupportedInterfaceOrientations_iPad = "UIInterfaceOrientationPortrait UIInterfaceOrientationPortraitUpsideDown UIInterfaceOrientationLandscapeLeft UIInterfaceOrientationLandscapeRight";
				INFOPLIST_KEY_UISupportedInterfaceOrientations_iPhone = "UIInterfaceOrientationPortrait UIInterfaceOrientationLandscapeLeft UIInterfaceOrientationLandscapeRight";
				IPHONEOS_DEPLOYMENT_TARGET = 13.0;
				LD_RUNPATH_SEARCH_PATHS = (
					"$(inherited)",
					"@executable_path/Frameworks",
				);
				MARKETING_VERSION = 1.0;
				PRODUCT_BUNDLE_IDENTIFIER = com.ea.PoqApp;
				PRODUCT_NAME = "$(TARGET_NAME)";
				SWIFT_EMIT_LOC_STRINGS = YES;
				SWIFT_VERSION = 5.0;
				TARGETED_DEVICE_FAMILY = "1,2";
			};
			name = Release;
		};
		C3E893AE2792C59F00EC763B /* Debug */ = {
			isa = XCBuildConfiguration;
			baseConfigurationReference = 233C3BD7899E343877DD06C7 /* Pods-PoqAppTests.debug.xcconfig */;
			buildSettings = {
				ALWAYS_EMBED_SWIFT_STANDARD_LIBRARIES = YES;
				BUNDLE_LOADER = "$(TEST_HOST)";
				CODE_SIGN_STYLE = Automatic;
				CURRENT_PROJECT_VERSION = 1;
				DEVELOPMENT_TEAM = 5D4JY3DVDT;
				GENERATE_INFOPLIST_FILE = YES;
				IPHONEOS_DEPLOYMENT_TARGET = 15.2;
				MARKETING_VERSION = 1.0;
				PRODUCT_BUNDLE_IDENTIFIER = com.ea.PoqAppTests;
				PRODUCT_NAME = "$(TARGET_NAME)";
				SWIFT_EMIT_LOC_STRINGS = NO;
				SWIFT_VERSION = 5.0;
				TARGETED_DEVICE_FAMILY = "1,2";
				TEST_HOST = "$(BUILT_PRODUCTS_DIR)/PoqApp.app/PoqApp";
			};
			name = Debug;
		};
		C3E893AF2792C59F00EC763B /* Release */ = {
			isa = XCBuildConfiguration;
			baseConfigurationReference = C5CF6BBD85AC9C5A4623F755 /* Pods-PoqAppTests.release.xcconfig */;
			buildSettings = {
				ALWAYS_EMBED_SWIFT_STANDARD_LIBRARIES = YES;
				BUNDLE_LOADER = "$(TEST_HOST)";
				CODE_SIGN_STYLE = Automatic;
				CURRENT_PROJECT_VERSION = 1;
				DEVELOPMENT_TEAM = 5D4JY3DVDT;
				GENERATE_INFOPLIST_FILE = YES;
				IPHONEOS_DEPLOYMENT_TARGET = 15.2;
				MARKETING_VERSION = 1.0;
				PRODUCT_BUNDLE_IDENTIFIER = com.ea.PoqAppTests;
				PRODUCT_NAME = "$(TARGET_NAME)";
				SWIFT_EMIT_LOC_STRINGS = NO;
				SWIFT_VERSION = 5.0;
				TARGETED_DEVICE_FAMILY = "1,2";
				TEST_HOST = "$(BUILT_PRODUCTS_DIR)/PoqApp.app/PoqApp";
			};
			name = Release;
		};
		C3E893B12792C59F00EC763B /* Debug */ = {
			isa = XCBuildConfiguration;
			baseConfigurationReference = CC20549F2E0119881774A834 /* Pods-PoqApp-PoqAppUITests.debug.xcconfig */;
			buildSettings = {
				ALWAYS_EMBED_SWIFT_STANDARD_LIBRARIES = YES;
				CODE_SIGN_STYLE = Automatic;
				CURRENT_PROJECT_VERSION = 1;
				DEVELOPMENT_TEAM = 5D4JY3DVDT;
				GENERATE_INFOPLIST_FILE = YES;
				MARKETING_VERSION = 1.0;
				PRODUCT_BUNDLE_IDENTIFIER = com.ea.PoqAppUITests;
				PRODUCT_NAME = "$(TARGET_NAME)";
				SWIFT_EMIT_LOC_STRINGS = NO;
				SWIFT_VERSION = 5.0;
				TARGETED_DEVICE_FAMILY = "1,2";
				TEST_TARGET_NAME = PoqApp;
			};
			name = Debug;
		};
		C3E893B22792C59F00EC763B /* Release */ = {
			isa = XCBuildConfiguration;
			baseConfigurationReference = D4A75BA56D20050EE86A58DF /* Pods-PoqApp-PoqAppUITests.release.xcconfig */;
			buildSettings = {
				ALWAYS_EMBED_SWIFT_STANDARD_LIBRARIES = YES;
				CODE_SIGN_STYLE = Automatic;
				CURRENT_PROJECT_VERSION = 1;
				DEVELOPMENT_TEAM = 5D4JY3DVDT;
				GENERATE_INFOPLIST_FILE = YES;
				MARKETING_VERSION = 1.0;
				PRODUCT_BUNDLE_IDENTIFIER = com.ea.PoqAppUITests;
				PRODUCT_NAME = "$(TARGET_NAME)";
				SWIFT_EMIT_LOC_STRINGS = NO;
				SWIFT_VERSION = 5.0;
				TARGETED_DEVICE_FAMILY = "1,2";
				TEST_TARGET_NAME = PoqApp;
			};
			name = Release;
		};
/* End XCBuildConfiguration section */

/* Begin XCConfigurationList section */
		C3E8937B2792C59D00EC763B /* Build configuration list for PBXProject "PoqApp" */ = {
			isa = XCConfigurationList;
			buildConfigurations = (
				C3E893A82792C59F00EC763B /* Debug */,
				C3E893A92792C59F00EC763B /* Release */,
			);
			defaultConfigurationIsVisible = 0;
			defaultConfigurationName = Release;
		};
		C3E893AA2792C59F00EC763B /* Build configuration list for PBXNativeTarget "PoqApp" */ = {
			isa = XCConfigurationList;
			buildConfigurations = (
				C3E893AB2792C59F00EC763B /* Debug */,
				C3E893AC2792C59F00EC763B /* Release */,
			);
			defaultConfigurationIsVisible = 0;
			defaultConfigurationName = Release;
		};
		C3E893AD2792C59F00EC763B /* Build configuration list for PBXNativeTarget "PoqAppTests" */ = {
			isa = XCConfigurationList;
			buildConfigurations = (
				C3E893AE2792C59F00EC763B /* Debug */,
				C3E893AF2792C59F00EC763B /* Release */,
			);
			defaultConfigurationIsVisible = 0;
			defaultConfigurationName = Release;
		};
		C3E893B02792C59F00EC763B /* Build configuration list for PBXNativeTarget "PoqAppUITests" */ = {
			isa = XCConfigurationList;
			buildConfigurations = (
				C3E893B12792C59F00EC763B /* Debug */,
				C3E893B22792C59F00EC763B /* Release */,
			);
			defaultConfigurationIsVisible = 0;
			defaultConfigurationName = Release;
		};
/* End XCConfigurationList section */
	};
	rootObject = C3E893782792C59D00EC763B /* Project object */;
}
